// !$*UTF8*$!
{
	archiveVersion = 1;
	classes = {
	};
	objectVersion = 55;
	objects = {

/* Begin PBXBuildFile section */
		182AFB83479B07443680F252 /* Pods_UTubeTests.framework in Frameworks */ = {isa = PBXBuildFile; fileRef = 77940B7F75FB474061A9327D /* Pods_UTubeTests.framework */; };
		82146D6DDC99D646CA724B85 /* Pods_UTube_UTubeUITests.framework in Frameworks */ = {isa = PBXBuildFile; fileRef = 5E3368A2FB6EDA1167B49EE1 /* Pods_UTube_UTubeUITests.framework */; };
		9026021F27E05BA700570BCE /* UTubeApp.swift in Sources */ = {isa = PBXBuildFile; fileRef = 9026021E27E05BA700570BCE /* UTubeApp.swift */; };
		9026022127E05BA700570BCE /* ContentView.swift in Sources */ = {isa = PBXBuildFile; fileRef = 9026022027E05BA700570BCE /* ContentView.swift */; };
		9026022327E05BAA00570BCE /* Assets.xcassets in Resources */ = {isa = PBXBuildFile; fileRef = 9026022227E05BAA00570BCE /* Assets.xcassets */; };
		9026022627E05BAA00570BCE /* Preview Assets.xcassets in Resources */ = {isa = PBXBuildFile; fileRef = 9026022527E05BAA00570BCE /* Preview Assets.xcassets */; };
		9026023027E05BAA00570BCE /* UTubeTests.swift in Sources */ = {isa = PBXBuildFile; fileRef = 9026022F27E05BAA00570BCE /* UTubeTests.swift */; };
		9026023A27E05BAA00570BCE /* UTubeUITests.swift in Sources */ = {isa = PBXBuildFile; fileRef = 9026023927E05BAA00570BCE /* UTubeUITests.swift */; };
		9026023C27E05BAA00570BCE /* UTubeUITestsLaunchTests.swift in Sources */ = {isa = PBXBuildFile; fileRef = 9026023B27E05BAA00570BCE /* UTubeUITestsLaunchTests.swift */; };
		9026024927E06FF400570BCE /* UTubePresenter.swift in Sources */ = {isa = PBXBuildFile; fileRef = 9026024827E06FF400570BCE /* UTubePresenter.swift */; };
		9026024B27E0709F00570BCE /* UTubeInteractor.swift in Sources */ = {isa = PBXBuildFile; fileRef = 9026024A27E0709F00570BCE /* UTubeInteractor.swift */; };
		9026024D27E070CF00570BCE /* UTubeEntity.swift in Sources */ = {isa = PBXBuildFile; fileRef = 9026024C27E070CF00570BCE /* UTubeEntity.swift */; };
		9026024F27E0718800570BCE /* UTubeRouter.swift in Sources */ = {isa = PBXBuildFile; fileRef = 9026024E27E0718800570BCE /* UTubeRouter.swift */; };
		905FED5827E0A93200482078 /* APIConstants.swift in Sources */ = {isa = PBXBuildFile; fileRef = 905FED5727E0A93200482078 /* APIConstants.swift */; };
		908C700A27E1F65C003E4E6A /* ASCollectionView in Frameworks */ = {isa = PBXBuildFile; productRef = 908C700927E1F65C003E4E6A /* ASCollectionView */; };
		F01C138A6DB5157F2EEBD75C /* Pods_UTube.framework in Frameworks */ = {isa = PBXBuildFile; fileRef = 39282A42695DFF1303770A16 /* Pods_UTube.framework */; };
/* End PBXBuildFile section */

/* Begin PBXContainerItemProxy section */
		9026022C27E05BAA00570BCE /* PBXContainerItemProxy */ = {
			isa = PBXContainerItemProxy;
			containerPortal = 9026021327E05BA700570BCE /* Project object */;
			proxyType = 1;
			remoteGlobalIDString = 9026021A27E05BA700570BCE;
			remoteInfo = UTube;
		};
		9026023627E05BAA00570BCE /* PBXContainerItemProxy */ = {
			isa = PBXContainerItemProxy;
			containerPortal = 9026021327E05BA700570BCE /* Project object */;
			proxyType = 1;
			remoteGlobalIDString = 9026021A27E05BA700570BCE;
			remoteInfo = UTube;
		};
/* End PBXContainerItemProxy section */

/* Begin PBXFileReference section */
		197BCA55BEFB3DC1E6F842F4 /* Pods-UTubeTests.debug.xcconfig */ = {isa = PBXFileReference; includeInIndex = 1; lastKnownFileType = text.xcconfig; name = "Pods-UTubeTests.debug.xcconfig"; path = "Target Support Files/Pods-UTubeTests/Pods-UTubeTests.debug.xcconfig"; sourceTree = "<group>"; };
		39282A42695DFF1303770A16 /* Pods_UTube.framework */ = {isa = PBXFileReference; explicitFileType = wrapper.framework; includeInIndex = 0; path = Pods_UTube.framework; sourceTree = BUILT_PRODUCTS_DIR; };
		5E3368A2FB6EDA1167B49EE1 /* Pods_UTube_UTubeUITests.framework */ = {isa = PBXFileReference; explicitFileType = wrapper.framework; includeInIndex = 0; path = Pods_UTube_UTubeUITests.framework; sourceTree = BUILT_PRODUCTS_DIR; };
		75DB0B5811853177D87B47E4 /* Pods-UTube-UTubeUITests.debug.xcconfig */ = {isa = PBXFileReference; includeInIndex = 1; lastKnownFileType = text.xcconfig; name = "Pods-UTube-UTubeUITests.debug.xcconfig"; path = "Target Support Files/Pods-UTube-UTubeUITests/Pods-UTube-UTubeUITests.debug.xcconfig"; sourceTree = "<group>"; };
		77940B7F75FB474061A9327D /* Pods_UTubeTests.framework */ = {isa = PBXFileReference; explicitFileType = wrapper.framework; includeInIndex = 0; path = Pods_UTubeTests.framework; sourceTree = BUILT_PRODUCTS_DIR; };
		83E4B55B8D5474942A5B9A57 /* Pods-UTubeTests.release.xcconfig */ = {isa = PBXFileReference; includeInIndex = 1; lastKnownFileType = text.xcconfig; name = "Pods-UTubeTests.release.xcconfig"; path = "Target Support Files/Pods-UTubeTests/Pods-UTubeTests.release.xcconfig"; sourceTree = "<group>"; };
		9026021B27E05BA700570BCE /* UTube.app */ = {isa = PBXFileReference; explicitFileType = wrapper.application; includeInIndex = 0; path = UTube.app; sourceTree = BUILT_PRODUCTS_DIR; };
		9026021E27E05BA700570BCE /* UTubeApp.swift */ = {isa = PBXFileReference; lastKnownFileType = sourcecode.swift; path = UTubeApp.swift; sourceTree = "<group>"; };
		9026022027E05BA700570BCE /* ContentView.swift */ = {isa = PBXFileReference; lastKnownFileType = sourcecode.swift; path = ContentView.swift; sourceTree = "<group>"; };
		9026022227E05BAA00570BCE /* Assets.xcassets */ = {isa = PBXFileReference; lastKnownFileType = folder.assetcatalog; path = Assets.xcassets; sourceTree = "<group>"; };
		9026022527E05BAA00570BCE /* Preview Assets.xcassets */ = {isa = PBXFileReference; lastKnownFileType = folder.assetcatalog; path = "Preview Assets.xcassets"; sourceTree = "<group>"; };
		9026022B27E05BAA00570BCE /* UTubeTests.xctest */ = {isa = PBXFileReference; explicitFileType = wrapper.cfbundle; includeInIndex = 0; path = UTubeTests.xctest; sourceTree = BUILT_PRODUCTS_DIR; };
		9026022F27E05BAA00570BCE /* UTubeTests.swift */ = {isa = PBXFileReference; lastKnownFileType = sourcecode.swift; path = UTubeTests.swift; sourceTree = "<group>"; };
		9026023527E05BAA00570BCE /* UTubeUITests.xctest */ = {isa = PBXFileReference; explicitFileType = wrapper.cfbundle; includeInIndex = 0; path = UTubeUITests.xctest; sourceTree = BUILT_PRODUCTS_DIR; };
		9026023927E05BAA00570BCE /* UTubeUITests.swift */ = {isa = PBXFileReference; lastKnownFileType = sourcecode.swift; path = UTubeUITests.swift; sourceTree = "<group>"; };
		9026023B27E05BAA00570BCE /* UTubeUITestsLaunchTests.swift */ = {isa = PBXFileReference; lastKnownFileType = sourcecode.swift; path = UTubeUITestsLaunchTests.swift; sourceTree = "<group>"; };
		9026024827E06FF400570BCE /* UTubePresenter.swift */ = {isa = PBXFileReference; lastKnownFileType = sourcecode.swift; path = UTubePresenter.swift; sourceTree = "<group>"; };
		9026024A27E0709F00570BCE /* UTubeInteractor.swift */ = {isa = PBXFileReference; lastKnownFileType = sourcecode.swift; path = UTubeInteractor.swift; sourceTree = "<group>"; };
		9026024C27E070CF00570BCE /* UTubeEntity.swift */ = {isa = PBXFileReference; lastKnownFileType = sourcecode.swift; path = UTubeEntity.swift; sourceTree = "<group>"; };
		9026024E27E0718800570BCE /* UTubeRouter.swift */ = {isa = PBXFileReference; lastKnownFileType = sourcecode.swift; path = UTubeRouter.swift; sourceTree = "<group>"; };
		905FED5727E0A93200482078 /* APIConstants.swift */ = {isa = PBXFileReference; lastKnownFileType = sourcecode.swift; path = APIConstants.swift; sourceTree = "<group>"; };
		CCBD9B2ABAC50463C7EB9BA1 /* Pods-UTube.release.xcconfig */ = {isa = PBXFileReference; includeInIndex = 1; lastKnownFileType = text.xcconfig; name = "Pods-UTube.release.xcconfig"; path = "Target Support Files/Pods-UTube/Pods-UTube.release.xcconfig"; sourceTree = "<group>"; };
		E052EFD4E8893D1C26367C5D /* Pods-UTube.debug.xcconfig */ = {isa = PBXFileReference; includeInIndex = 1; lastKnownFileType = text.xcconfig; name = "Pods-UTube.debug.xcconfig"; path = "Target Support Files/Pods-UTube/Pods-UTube.debug.xcconfig"; sourceTree = "<group>"; };
		F6DEE034B292B311D5491D6D /* Pods-UTube-UTubeUITests.release.xcconfig */ = {isa = PBXFileReference; includeInIndex = 1; lastKnownFileType = text.xcconfig; name = "Pods-UTube-UTubeUITests.release.xcconfig"; path = "Target Support Files/Pods-UTube-UTubeUITests/Pods-UTube-UTubeUITests.release.xcconfig"; sourceTree = "<group>"; };
/* End PBXFileReference section */

/* Begin PBXFrameworksBuildPhase section */
		9026021827E05BA700570BCE /* Frameworks */ = {
			isa = PBXFrameworksBuildPhase;
			buildActionMask = 2147483647;
			files = (
				F01C138A6DB5157F2EEBD75C /* Pods_UTube.framework in Frameworks */,
				908C700A27E1F65C003E4E6A /* ASCollectionView in Frameworks */,
			);
			runOnlyForDeploymentPostprocessing = 0;
		};
		9026022827E05BAA00570BCE /* Frameworks */ = {
			isa = PBXFrameworksBuildPhase;
			buildActionMask = 2147483647;
			files = (
				182AFB83479B07443680F252 /* Pods_UTubeTests.framework in Frameworks */,
			);
			runOnlyForDeploymentPostprocessing = 0;
		};
		9026023227E05BAA00570BCE /* Frameworks */ = {
			isa = PBXFrameworksBuildPhase;
			buildActionMask = 2147483647;
			files = (
				82146D6DDC99D646CA724B85 /* Pods_UTube_UTubeUITests.framework in Frameworks */,
			);
			runOnlyForDeploymentPostprocessing = 0;
		};
/* End PBXFrameworksBuildPhase section */

/* Begin PBXGroup section */
		608F92C7399E307903F51076 /* Frameworks */ = {
			isa = PBXGroup;
			children = (
				39282A42695DFF1303770A16 /* Pods_UTube.framework */,
				5E3368A2FB6EDA1167B49EE1 /* Pods_UTube_UTubeUITests.framework */,
				77940B7F75FB474061A9327D /* Pods_UTubeTests.framework */,
			);
			name = Frameworks;
			sourceTree = "<group>";
		};
		7DA56EAF5C2648B5BD384BB3 /* Pods */ = {
			isa = PBXGroup;
			children = (
				E052EFD4E8893D1C26367C5D /* Pods-UTube.debug.xcconfig */,
				CCBD9B2ABAC50463C7EB9BA1 /* Pods-UTube.release.xcconfig */,
				75DB0B5811853177D87B47E4 /* Pods-UTube-UTubeUITests.debug.xcconfig */,
				F6DEE034B292B311D5491D6D /* Pods-UTube-UTubeUITests.release.xcconfig */,
				197BCA55BEFB3DC1E6F842F4 /* Pods-UTubeTests.debug.xcconfig */,
				83E4B55B8D5474942A5B9A57 /* Pods-UTubeTests.release.xcconfig */,
			);
			path = Pods;
			sourceTree = "<group>";
		};
		9026021227E05BA700570BCE = {
			isa = PBXGroup;
			children = (
				9026021D27E05BA700570BCE /* UTube */,
				9026022E27E05BAA00570BCE /* UTubeTests */,
				9026023827E05BAA00570BCE /* UTubeUITests */,
				9026021C27E05BA700570BCE /* Products */,
				7DA56EAF5C2648B5BD384BB3 /* Pods */,
				608F92C7399E307903F51076 /* Frameworks */,
			);
			sourceTree = "<group>";
		};
		9026021C27E05BA700570BCE /* Products */ = {
			isa = PBXGroup;
			children = (
				9026021B27E05BA700570BCE /* UTube.app */,
				9026022B27E05BAA00570BCE /* UTubeTests.xctest */,
				9026023527E05BAA00570BCE /* UTubeUITests.xctest */,
			);
			name = Products;
			sourceTree = "<group>";
		};
		9026021D27E05BA700570BCE /* UTube */ = {
			isa = PBXGroup;
			children = (
				9026021E27E05BA700570BCE /* UTubeApp.swift */,
				9026022027E05BA700570BCE /* ContentView.swift */,
				9026022227E05BAA00570BCE /* Assets.xcassets */,
				9026022427E05BAA00570BCE /* Preview Content */,
				9026024827E06FF400570BCE /* UTubePresenter.swift */,
				9026024E27E0718800570BCE /* UTubeRouter.swift */,
				9026024A27E0709F00570BCE /* UTubeInteractor.swift */,
				9026024C27E070CF00570BCE /* UTubeEntity.swift */,
				905FED5727E0A93200482078 /* APIConstants.swift */,
			);
			path = UTube;
			sourceTree = "<group>";
		};
		9026022427E05BAA00570BCE /* Preview Content */ = {
			isa = PBXGroup;
			children = (
				9026022527E05BAA00570BCE /* Preview Assets.xcassets */,
			);
			path = "Preview Content";
			sourceTree = "<group>";
		};
		9026022E27E05BAA00570BCE /* UTubeTests */ = {
			isa = PBXGroup;
			children = (
				9026022F27E05BAA00570BCE /* UTubeTests.swift */,
			);
			path = UTubeTests;
			sourceTree = "<group>";
		};
		9026023827E05BAA00570BCE /* UTubeUITests */ = {
			isa = PBXGroup;
			children = (
				9026023927E05BAA00570BCE /* UTubeUITests.swift */,
				9026023B27E05BAA00570BCE /* UTubeUITestsLaunchTests.swift */,
			);
			path = UTubeUITests;
			sourceTree = "<group>";
		};
/* End PBXGroup section */

/* Begin PBXNativeTarget section */
		9026021A27E05BA700570BCE /* UTube */ = {
			isa = PBXNativeTarget;
			buildConfigurationList = 9026023F27E05BAA00570BCE /* Build configuration list for PBXNativeTarget "UTube" */;
			buildPhases = (
				5DDC9FD8FA7154A47208089E /* [CP] Check Pods Manifest.lock */,
				9026021727E05BA700570BCE /* Sources */,
				9026021827E05BA700570BCE /* Frameworks */,
				9026021927E05BA700570BCE /* Resources */,
				63F4D7465BBFAAD9F398A27B /* [CP] Embed Pods Frameworks */,
			);
			buildRules = (
			);
			dependencies = (
			);
			name = UTube;
			packageProductDependencies = (
				908C700927E1F65C003E4E6A /* ASCollectionView */,
			);
			productName = UTube;
			productReference = 9026021B27E05BA700570BCE /* UTube.app */;
			productType = "com.apple.product-type.application";
		};
		9026022A27E05BAA00570BCE /* UTubeTests */ = {
			isa = PBXNativeTarget;
			buildConfigurationList = 9026024227E05BAA00570BCE /* Build configuration list for PBXNativeTarget "UTubeTests" */;
			buildPhases = (
				15CCDC8FC56BBE8139ACE458 /* [CP] Check Pods Manifest.lock */,
				9026022727E05BAA00570BCE /* Sources */,
				9026022827E05BAA00570BCE /* Frameworks */,
				9026022927E05BAA00570BCE /* Resources */,
			);
			buildRules = (
			);
			dependencies = (
				9026022D27E05BAA00570BCE /* PBXTargetDependency */,
			);
			name = UTubeTests;
			productName = UTubeTests;
			productReference = 9026022B27E05BAA00570BCE /* UTubeTests.xctest */;
			productType = "com.apple.product-type.bundle.unit-test";
		};
		9026023427E05BAA00570BCE /* UTubeUITests */ = {
			isa = PBXNativeTarget;
			buildConfigurationList = 9026024527E05BAA00570BCE /* Build configuration list for PBXNativeTarget "UTubeUITests" */;
			buildPhases = (
				A00E5191AE44FB5309891C5F /* [CP] Check Pods Manifest.lock */,
				9026023127E05BAA00570BCE /* Sources */,
				9026023227E05BAA00570BCE /* Frameworks */,
				9026023327E05BAA00570BCE /* Resources */,
				8C1BC23F0080446E28A6EAE9 /* [CP] Embed Pods Frameworks */,
			);
			buildRules = (
			);
			dependencies = (
				9026023727E05BAA00570BCE /* PBXTargetDependency */,
			);
			name = UTubeUITests;
			productName = UTubeUITests;
			productReference = 9026023527E05BAA00570BCE /* UTubeUITests.xctest */;
			productType = "com.apple.product-type.bundle.ui-testing";
		};
/* End PBXNativeTarget section */

/* Begin PBXProject section */
		9026021327E05BA700570BCE /* Project object */ = {
			isa = PBXProject;
			attributes = {
				BuildIndependentTargetsInParallel = 1;
				LastSwiftUpdateCheck = 1320;
				LastUpgradeCheck = 1320;
				TargetAttributes = {
					9026021A27E05BA700570BCE = {
						CreatedOnToolsVersion = 13.2.1;
					};
					9026022A27E05BAA00570BCE = {
						CreatedOnToolsVersion = 13.2.1;
						TestTargetID = 9026021A27E05BA700570BCE;
					};
					9026023427E05BAA00570BCE = {
						CreatedOnToolsVersion = 13.2.1;
						TestTargetID = 9026021A27E05BA700570BCE;
					};
				};
			};
			buildConfigurationList = 9026021627E05BA700570BCE /* Build configuration list for PBXProject "UTube" */;
			compatibilityVersion = "Xcode 13.0";
			developmentRegion = en;
			hasScannedForEncodings = 0;
			knownRegions = (
				en,
				Base,
			);
			mainGroup = 9026021227E05BA700570BCE;
			productRefGroup = 9026021C27E05BA700570BCE /* Products */;
			projectDirPath = "";
			projectRoot = "";
			targets = (
				9026021A27E05BA700570BCE /* UTube */,
				9026022A27E05BAA00570BCE /* UTubeTests */,
				9026023427E05BAA00570BCE /* UTubeUITests */,
			);
		};
/* End PBXProject section */

/* Begin PBXResourcesBuildPhase section */
		9026021927E05BA700570BCE /* Resources */ = {
			isa = PBXResourcesBuildPhase;
			buildActionMask = 2147483647;
			files = (
				9026022627E05BAA00570BCE /* Preview Assets.xcassets in Resources */,
				9026022327E05BAA00570BCE /* Assets.xcassets in Resources */,
			);
			runOnlyForDeploymentPostprocessing = 0;
		};
		9026022927E05BAA00570BCE /* Resources */ = {
			isa = PBXResourcesBuildPhase;
			buildActionMask = 2147483647;
			files = (
			);
			runOnlyForDeploymentPostprocessing = 0;
		};
		9026023327E05BAA00570BCE /* Resources */ = {
			isa = PBXResourcesBuildPhase;
			buildActionMask = 2147483647;
			files = (
			);
			runOnlyForDeploymentPostprocessing = 0;
		};
/* End PBXResourcesBuildPhase section */

/* Begin PBXShellScriptBuildPhase section */
		15CCDC8FC56BBE8139ACE458 /* [CP] Check Pods Manifest.lock */ = {
			isa = PBXShellScriptBuildPhase;
			buildActionMask = 2147483647;
			files = (
			);
			inputFileListPaths = (
			);
			inputPaths = (
				"${PODS_PODFILE_DIR_PATH}/Podfile.lock",
				"${PODS_ROOT}/Manifest.lock",
			);
			name = "[CP] Check Pods Manifest.lock";
			outputFileListPaths = (
			);
			outputPaths = (
				"$(DERIVED_FILE_DIR)/Pods-UTubeTests-checkManifestLockResult.txt",
			);
			runOnlyForDeploymentPostprocessing = 0;
			shellPath = /bin/sh;
			shellScript = "diff \"${PODS_PODFILE_DIR_PATH}/Podfile.lock\" \"${PODS_ROOT}/Manifest.lock\" > /dev/null\nif [ $? != 0 ] ; then\n    # print error to STDERR\n    echo \"error: The sandbox is not in sync with the Podfile.lock. Run 'pod install' or update your CocoaPods installation.\" >&2\n    exit 1\nfi\n# This output is used by Xcode 'outputs' to avoid re-running this script phase.\necho \"SUCCESS\" > \"${SCRIPT_OUTPUT_FILE_0}\"\n";
			showEnvVarsInLog = 0;
		};
		5DDC9FD8FA7154A47208089E /* [CP] Check Pods Manifest.lock */ = {
			isa = PBXShellScriptBuildPhase;
			buildActionMask = 2147483647;
			files = (
			);
			inputFileListPaths = (
			);
			inputPaths = (
				"${PODS_PODFILE_DIR_PATH}/Podfile.lock",
				"${PODS_ROOT}/Manifest.lock",
			);
			name = "[CP] Check Pods Manifest.lock";
			outputFileListPaths = (
			);
			outputPaths = (
				"$(DERIVED_FILE_DIR)/Pods-UTube-checkManifestLockResult.txt",
			);
			runOnlyForDeploymentPostprocessing = 0;
			shellPath = /bin/sh;
			shellScript = "diff \"${PODS_PODFILE_DIR_PATH}/Podfile.lock\" \"${PODS_ROOT}/Manifest.lock\" > /dev/null\nif [ $? != 0 ] ; then\n    # print error to STDERR\n    echo \"error: The sandbox is not in sync with the Podfile.lock. Run 'pod install' or update your CocoaPods installation.\" >&2\n    exit 1\nfi\n# This output is used by Xcode 'outputs' to avoid re-running this script phase.\necho \"SUCCESS\" > \"${SCRIPT_OUTPUT_FILE_0}\"\n";
			showEnvVarsInLog = 0;
		};
		63F4D7465BBFAAD9F398A27B /* [CP] Embed Pods Frameworks */ = {
			isa = PBXShellScriptBuildPhase;
			buildActionMask = 2147483647;
			files = (
			);
			inputFileListPaths = (
				"${PODS_ROOT}/Target Support Files/Pods-UTube/Pods-UTube-frameworks-${CONFIGURATION}-input-files.xcfilelist",
			);
			name = "[CP] Embed Pods Frameworks";
			outputFileListPaths = (
				"${PODS_ROOT}/Target Support Files/Pods-UTube/Pods-UTube-frameworks-${CONFIGURATION}-output-files.xcfilelist",
			);
			runOnlyForDeploymentPostprocessing = 0;
			shellPath = /bin/sh;
			shellScript = "\"${PODS_ROOT}/Target Support Files/Pods-UTube/Pods-UTube-frameworks.sh\"\n";
			showEnvVarsInLog = 0;
		};
		8C1BC23F0080446E28A6EAE9 /* [CP] Embed Pods Frameworks */ = {
			isa = PBXShellScriptBuildPhase;
			buildActionMask = 2147483647;
			files = (
			);
			inputFileListPaths = (
				"${PODS_ROOT}/Target Support Files/Pods-UTube-UTubeUITests/Pods-UTube-UTubeUITests-frameworks-${CONFIGURATION}-input-files.xcfilelist",
			);
			name = "[CP] Embed Pods Frameworks";
			outputFileListPaths = (
				"${PODS_ROOT}/Target Support Files/Pods-UTube-UTubeUITests/Pods-UTube-UTubeUITests-frameworks-${CONFIGURATION}-output-files.xcfilelist",
			);
			runOnlyForDeploymentPostprocessing = 0;
			shellPath = /bin/sh;
			shellScript = "\"${PODS_ROOT}/Target Support Files/Pods-UTube-UTubeUITests/Pods-UTube-UTubeUITests-frameworks.sh\"\n";
			showEnvVarsInLog = 0;
		};
		A00E5191AE44FB5309891C5F /* [CP] Check Pods Manifest.lock */ = {
			isa = PBXShellScriptBuildPhase;
			buildActionMask = 2147483647;
			files = (
			);
			inputFileListPaths = (
			);
			inputPaths = (
				"${PODS_PODFILE_DIR_PATH}/Podfile.lock",
				"${PODS_ROOT}/Manifest.lock",
			);
			name = "[CP] Check Pods Manifest.lock";
			outputFileListPaths = (
			);
			outputPaths = (
				"$(DERIVED_FILE_DIR)/Pods-UTube-UTubeUITests-checkManifestLockResult.txt",
			);
			runOnlyForDeploymentPostprocessing = 0;
			shellPath = /bin/sh;
			shellScript = "diff \"${PODS_PODFILE_DIR_PATH}/Podfile.lock\" \"${PODS_ROOT}/Manifest.lock\" > /dev/null\nif [ $? != 0 ] ; then\n    # print error to STDERR\n    echo \"error: The sandbox is not in sync with the Podfile.lock. Run 'pod install' or update your CocoaPods installation.\" >&2\n    exit 1\nfi\n# This output is used by Xcode 'outputs' to avoid re-running this script phase.\necho \"SUCCESS\" > \"${SCRIPT_OUTPUT_FILE_0}\"\n";
			showEnvVarsInLog = 0;
		};
/* End PBXShellScriptBuildPhase section */

/* Begin PBXSourcesBuildPhase section */
		9026021727E05BA700570BCE /* Sources */ = {
			isa = PBXSourcesBuildPhase;
			buildActionMask = 2147483647;
			files = (
				9026024B27E0709F00570BCE /* UTubeInteractor.swift in Sources */,
				905FED5827E0A93200482078 /* APIConstants.swift in Sources */,
				9026024D27E070CF00570BCE /* UTubeEntity.swift in Sources */,
				9026024927E06FF400570BCE /* UTubePresenter.swift in Sources */,
				9026022127E05BA700570BCE /* ContentView.swift in Sources */,
				9026024F27E0718800570BCE /* UTubeRouter.swift in Sources */,
				9026021F27E05BA700570BCE /* UTubeApp.swift in Sources */,
			);
			runOnlyForDeploymentPostprocessing = 0;
		};
		9026022727E05BAA00570BCE /* Sources */ = {
			isa = PBXSourcesBuildPhase;
			buildActionMask = 2147483647;
			files = (
				9026023027E05BAA00570BCE /* UTubeTests.swift in Sources */,
			);
			runOnlyForDeploymentPostprocessing = 0;
		};
		9026023127E05BAA00570BCE /* Sources */ = {
			isa = PBXSourcesBuildPhase;
			buildActionMask = 2147483647;
			files = (
				9026023C27E05BAA00570BCE /* UTubeUITestsLaunchTests.swift in Sources */,
				9026023A27E05BAA00570BCE /* UTubeUITests.swift in Sources */,
			);
			runOnlyForDeploymentPostprocessing = 0;
		};
/* End PBXSourcesBuildPhase section */

/* Begin PBXTargetDependency section */
		9026022D27E05BAA00570BCE /* PBXTargetDependency */ = {
			isa = PBXTargetDependency;
			target = 9026021A27E05BA700570BCE /* UTube */;
			targetProxy = 9026022C27E05BAA00570BCE /* PBXContainerItemProxy */;
		};
		9026023727E05BAA00570BCE /* PBXTargetDependency */ = {
			isa = PBXTargetDependency;
			target = 9026021A27E05BA700570BCE /* UTube */;
			targetProxy = 9026023627E05BAA00570BCE /* PBXContainerItemProxy */;
		};
/* End PBXTargetDependency section */

/* Begin XCBuildConfiguration section */
		9026023D27E05BAA00570BCE /* Debug */ = {
			isa = XCBuildConfiguration;
			buildSettings = {
				ALWAYS_SEARCH_USER_PATHS = NO;
				CLANG_ANALYZER_NONNULL = YES;
				CLANG_ANALYZER_NUMBER_OBJECT_CONVERSION = YES_AGGRESSIVE;
				CLANG_CXX_LANGUAGE_STANDARD = "gnu++17";
				CLANG_CXX_LIBRARY = "libc++";
				CLANG_ENABLE_MODULES = YES;
				CLANG_ENABLE_OBJC_ARC = YES;
				CLANG_ENABLE_OBJC_WEAK = YES;
				CLANG_WARN_BLOCK_CAPTURE_AUTORELEASING = YES;
				CLANG_WARN_BOOL_CONVERSION = YES;
				CLANG_WARN_COMMA = YES;
				CLANG_WARN_CONSTANT_CONVERSION = YES;
				CLANG_WARN_DEPRECATED_OBJC_IMPLEMENTATIONS = YES;
				CLANG_WARN_DIRECT_OBJC_ISA_USAGE = YES_ERROR;
				CLANG_WARN_DOCUMENTATION_COMMENTS = YES;
				CLANG_WARN_EMPTY_BODY = YES;
				CLANG_WARN_ENUM_CONVERSION = YES;
				CLANG_WARN_INFINITE_RECURSION = YES;
				CLANG_WARN_INT_CONVERSION = YES;
				CLANG_WARN_NON_LITERAL_NULL_CONVERSION = YES;
				CLANG_WARN_OBJC_IMPLICIT_RETAIN_SELF = YES;
				CLANG_WARN_OBJC_LITERAL_CONVERSION = YES;
				CLANG_WARN_OBJC_ROOT_CLASS = YES_ERROR;
				CLANG_WARN_QUOTED_INCLUDE_IN_FRAMEWORK_HEADER = YES;
				CLANG_WARN_RANGE_LOOP_ANALYSIS = YES;
				CLANG_WARN_STRICT_PROTOTYPES = YES;
				CLANG_WARN_SUSPICIOUS_MOVE = YES;
				CLANG_WARN_UNGUARDED_AVAILABILITY = YES_AGGRESSIVE;
				CLANG_WARN_UNREACHABLE_CODE = YES;
				CLANG_WARN__DUPLICATE_METHOD_MATCH = YES;
				COPY_PHASE_STRIP = NO;
				DEBUG_INFORMATION_FORMAT = dwarf;
				ENABLE_STRICT_OBJC_MSGSEND = YES;
				ENABLE_TESTABILITY = YES;
				GCC_C_LANGUAGE_STANDARD = gnu11;
				GCC_DYNAMIC_NO_PIC = NO;
				GCC_NO_COMMON_BLOCKS = YES;
				GCC_OPTIMIZATION_LEVEL = 0;
				GCC_PREPROCESSOR_DEFINITIONS = (
					"DEBUG=1",
					"$(inherited)",
				);
				GCC_WARN_64_TO_32_BIT_CONVERSION = YES;
				GCC_WARN_ABOUT_RETURN_TYPE = YES_ERROR;
				GCC_WARN_UNDECLARED_SELECTOR = YES;
				GCC_WARN_UNINITIALIZED_AUTOS = YES_AGGRESSIVE;
				GCC_WARN_UNUSED_FUNCTION = YES;
				GCC_WARN_UNUSED_VARIABLE = YES;
				IPHONEOS_DEPLOYMENT_TARGET = 15.2;
				MTL_ENABLE_DEBUG_INFO = INCLUDE_SOURCE;
				MTL_FAST_MATH = YES;
				ONLY_ACTIVE_ARCH = YES;
				SDKROOT = iphoneos;
				SWIFT_ACTIVE_COMPILATION_CONDITIONS = DEBUG;
				SWIFT_OPTIMIZATION_LEVEL = "-Onone";
			};
			name = Debug;
		};
		9026023E27E05BAA00570BCE /* Release */ = {
			isa = XCBuildConfiguration;
			buildSettings = {
				ALWAYS_SEARCH_USER_PATHS = NO;
				CLANG_ANALYZER_NONNULL = YES;
				CLANG_ANALYZER_NUMBER_OBJECT_CONVERSION = YES_AGGRESSIVE;
				CLANG_CXX_LANGUAGE_STANDARD = "gnu++17";
				CLANG_CXX_LIBRARY = "libc++";
				CLANG_ENABLE_MODULES = YES;
				CLANG_ENABLE_OBJC_ARC = YES;
				CLANG_ENABLE_OBJC_WEAK = YES;
				CLANG_WARN_BLOCK_CAPTURE_AUTORELEASING = YES;
				CLANG_WARN_BOOL_CONVERSION = YES;
				CLANG_WARN_COMMA = YES;
				CLANG_WARN_CONSTANT_CONVERSION = YES;
				CLANG_WARN_DEPRECATED_OBJC_IMPLEMENTATIONS = YES;
				CLANG_WARN_DIRECT_OBJC_ISA_USAGE = YES_ERROR;
				CLANG_WARN_DOCUMENTATION_COMMENTS = YES;
				CLANG_WARN_EMPTY_BODY = YES;
				CLANG_WARN_ENUM_CONVERSION = YES;
				CLANG_WARN_INFINITE_RECURSION = YES;
				CLANG_WARN_INT_CONVERSION = YES;
				CLANG_WARN_NON_LITERAL_NULL_CONVERSION = YES;
				CLANG_WARN_OBJC_IMPLICIT_RETAIN_SELF = YES;
				CLANG_WARN_OBJC_LITERAL_CONVERSION = YES;
				CLANG_WARN_OBJC_ROOT_CLASS = YES_ERROR;
				CLANG_WARN_QUOTED_INCLUDE_IN_FRAMEWORK_HEADER = YES;
				CLANG_WARN_RANGE_LOOP_ANALYSIS = YES;
				CLANG_WARN_STRICT_PROTOTYPES = YES;
				CLANG_WARN_SUSPICIOUS_MOVE = YES;
				CLANG_WARN_UNGUARDED_AVAILABILITY = YES_AGGRESSIVE;
				CLANG_WARN_UNREACHABLE_CODE = YES;
				CLANG_WARN__DUPLICATE_METHOD_MATCH = YES;
				COPY_PHASE_STRIP = NO;
				DEBUG_INFORMATION_FORMAT = "dwarf-with-dsym";
				ENABLE_NS_ASSERTIONS = NO;
				ENABLE_STRICT_OBJC_MSGSEND = YES;
				GCC_C_LANGUAGE_STANDARD = gnu11;
				GCC_NO_COMMON_BLOCKS = YES;
				GCC_WARN_64_TO_32_BIT_CONVERSION = YES;
				GCC_WARN_ABOUT_RETURN_TYPE = YES_ERROR;
				GCC_WARN_UNDECLARED_SELECTOR = YES;
				GCC_WARN_UNINITIALIZED_AUTOS = YES_AGGRESSIVE;
				GCC_WARN_UNUSED_FUNCTION = YES;
				GCC_WARN_UNUSED_VARIABLE = YES;
				IPHONEOS_DEPLOYMENT_TARGET = 15.2;
				MTL_ENABLE_DEBUG_INFO = NO;
				MTL_FAST_MATH = YES;
				SDKROOT = iphoneos;
				SWIFT_COMPILATION_MODE = wholemodule;
				SWIFT_OPTIMIZATION_LEVEL = "-O";
				VALIDATE_PRODUCT = YES;
			};
			name = Release;
		};
		9026024027E05BAA00570BCE /* Debug */ = {
			isa = XCBuildConfiguration;
			baseConfigurationReference = E052EFD4E8893D1C26367C5D /* Pods-UTube.debug.xcconfig */;
			buildSettings = {
				ASSETCATALOG_COMPILER_APPICON_NAME = AppIcon;
				ASSETCATALOG_COMPILER_GLOBAL_ACCENT_COLOR_NAME = AccentColor;
				CODE_SIGN_STYLE = Automatic;
				CURRENT_PROJECT_VERSION = 1;
				DEVELOPMENT_ASSET_PATHS = "\"UTube/Preview Content\"";
				ENABLE_PREVIEWS = YES;
				GENERATE_INFOPLIST_FILE = YES;
				INFOPLIST_KEY_UIApplicationSceneManifest_Generation = YES;
				INFOPLIST_KEY_UIApplicationSupportsIndirectInputEvents = YES;
				INFOPLIST_KEY_UILaunchScreen_Generation = YES;
				INFOPLIST_KEY_UISupportedInterfaceOrientations_iPad = "UIInterfaceOrientationPortrait UIInterfaceOrientationPortraitUpsideDown UIInterfaceOrientationLandscapeLeft UIInterfaceOrientationLandscapeRight";
				INFOPLIST_KEY_UISupportedInterfaceOrientations_iPhone = "UIInterfaceOrientationPortrait UIInterfaceOrientationLandscapeLeft UIInterfaceOrientationLandscapeRight";
				IPHONEOS_DEPLOYMENT_TARGET = 15.1;
				LD_RUNPATH_SEARCH_PATHS = (
					"$(inherited)",
					"@executable_path/Frameworks",
				);
				MARKETING_VERSION = 1.0;
				PRODUCT_BUNDLE_IDENTIFIER = "mmsc.am32-gmail.com.UTube";
				PRODUCT_NAME = "$(TARGET_NAME)";
				SWIFT_EMIT_LOC_STRINGS = YES;
				SWIFT_VERSION = 5.0;
				TARGETED_DEVICE_FAMILY = "1,2";
			};
			name = Debug;
		};
		9026024127E05BAA00570BCE /* Release */ = {
			isa = XCBuildConfiguration;
			baseConfigurationReference = CCBD9B2ABAC50463C7EB9BA1 /* Pods-UTube.release.xcconfig */;
			buildSettings = {
				ASSETCATALOG_COMPILER_APPICON_NAME = AppIcon;
				ASSETCATALOG_COMPILER_GLOBAL_ACCENT_COLOR_NAME = AccentColor;
				CODE_SIGN_STYLE = Automatic;
				CURRENT_PROJECT_VERSION = 1;
				DEVELOPMENT_ASSET_PATHS = "\"UTube/Preview Content\"";
				ENABLE_PREVIEWS = YES;
				GENERATE_INFOPLIST_FILE = YES;
				INFOPLIST_KEY_UIApplicationSceneManifest_Generation = YES;
				INFOPLIST_KEY_UIApplicationSupportsIndirectInputEvents = YES;
				INFOPLIST_KEY_UILaunchScreen_Generation = YES;
				INFOPLIST_KEY_UISupportedInterfaceOrientations_iPad = "UIInterfaceOrientationPortrait UIInterfaceOrientationPortraitUpsideDown UIInterfaceOrientationLandscapeLeft UIInterfaceOrientationLandscapeRight";
				INFOPLIST_KEY_UISupportedInterfaceOrientations_iPhone = "UIInterfaceOrientationPortrait UIInterfaceOrientationLandscapeLeft UIInterfaceOrientationLandscapeRight";
				IPHONEOS_DEPLOYMENT_TARGET = 15.1;
				LD_RUNPATH_SEARCH_PATHS = (
					"$(inherited)",
					"@executable_path/Frameworks",
				);
				MARKETING_VERSION = 1.0;
				PRODUCT_BUNDLE_IDENTIFIER = "mmsc.am32-gmail.com.UTube";
				PRODUCT_NAME = "$(TARGET_NAME)";
				SWIFT_EMIT_LOC_STRINGS = YES;
				SWIFT_VERSION = 5.0;
				TARGETED_DEVICE_FAMILY = "1,2";
			};
			name = Release;
		};
		9026024327E05BAA00570BCE /* Debug */ = {
			isa = XCBuildConfiguration;
			baseConfigurationReference = 197BCA55BEFB3DC1E6F842F4 /* Pods-UTubeTests.debug.xcconfig */;
			buildSettings = {
				ALWAYS_EMBED_SWIFT_STANDARD_LIBRARIES = YES;
				BUNDLE_LOADER = "$(TEST_HOST)";
				CODE_SIGN_STYLE = Automatic;
				CURRENT_PROJECT_VERSION = 1;
				GENERATE_INFOPLIST_FILE = YES;
				IPHONEOS_DEPLOYMENT_TARGET = 15.2;
				MARKETING_VERSION = 1.0;
				PRODUCT_BUNDLE_IDENTIFIER = "mmsc.am32-gmail.com.UTubeTests";
				PRODUCT_NAME = "$(TARGET_NAME)";
				SWIFT_EMIT_LOC_STRINGS = NO;
				SWIFT_VERSION = 5.0;
				TARGETED_DEVICE_FAMILY = "1,2";
				TEST_HOST = "$(BUILT_PRODUCTS_DIR)/UTube.app/UTube";
			};
			name = Debug;
		};
		9026024427E05BAA00570BCE /* Release */ = {
			isa = XCBuildConfiguration;
			baseConfigurationReference = 83E4B55B8D5474942A5B9A57 /* Pods-UTubeTests.release.xcconfig */;
			buildSettings = {
				ALWAYS_EMBED_SWIFT_STANDARD_LIBRARIES = YES;
				BUNDLE_LOADER = "$(TEST_HOST)";
				CODE_SIGN_STYLE = Automatic;
				CURRENT_PROJECT_VERSION = 1;
				GENERATE_INFOPLIST_FILE = YES;
				IPHONEOS_DEPLOYMENT_TARGET = 15.2;
				MARKETING_VERSION = 1.0;
				PRODUCT_BUNDLE_IDENTIFIER = "mmsc.am32-gmail.com.UTubeTests";
				PRODUCT_NAME = "$(TARGET_NAME)";
				SWIFT_EMIT_LOC_STRINGS = NO;
				SWIFT_VERSION = 5.0;
				TARGETED_DEVICE_FAMILY = "1,2";
				TEST_HOST = "$(BUILT_PRODUCTS_DIR)/UTube.app/UTube";
			};
			name = Release;
		};
		9026024627E05BAA00570BCE /* Debug */ = {
			isa = XCBuildConfiguration;
			baseConfigurationReference = 75DB0B5811853177D87B47E4 /* Pods-UTube-UTubeUITests.debug.xcconfig */;
			buildSettings = {
				ALWAYS_EMBED_SWIFT_STANDARD_LIBRARIES = YES;
				CODE_SIGN_STYLE = Automatic;
				CURRENT_PROJECT_VERSION = 1;
				GENERATE_INFOPLIST_FILE = YES;
				MARKETING_VERSION = 1.0;
				PRODUCT_BUNDLE_IDENTIFIER = "mmsc.am32-gmail.com.UTubeUITests";
				PRODUCT_NAME = "$(TARGET_NAME)";
				SWIFT_EMIT_LOC_STRINGS = NO;
				SWIFT_VERSION = 5.0;
				TARGETED_DEVICE_FAMILY = "1,2";
				TEST_TARGET_NAME = UTube;
			};
			name = Debug;
		};
		9026024727E05BAA00570BCE /* Release */ = {
			isa = XCBuildConfiguration;
			baseConfigurationReference = F6DEE034B292B311D5491D6D /* Pods-UTube-UTubeUITests.release.xcconfig */;
			buildSettings = {
				ALWAYS_EMBED_SWIFT_STANDARD_LIBRARIES = YES;
				CODE_SIGN_STYLE = Automatic;
				CURRENT_PROJECT_VERSION = 1;
				GENERATE_INFOPLIST_FILE = YES;
				MARKETING_VERSION = 1.0;
				PRODUCT_BUNDLE_IDENTIFIER = "mmsc.am32-gmail.com.UTubeUITests";
				PRODUCT_NAME = "$(TARGET_NAME)";
				SWIFT_EMIT_LOC_STRINGS = NO;
				SWIFT_VERSION = 5.0;
				TARGETED_DEVICE_FAMILY = "1,2";
				TEST_TARGET_NAME = UTube;
			};
			name = Release;
		};
/* End XCBuildConfiguration section */

/* Begin XCConfigurationList section */
		9026021627E05BA700570BCE /* Build configuration list for PBXProject "UTube" */ = {
			isa = XCConfigurationList;
			buildConfigurations = (
				9026023D27E05BAA00570BCE /* Debug */,
				9026023E27E05BAA00570BCE /* Release */,
			);
			defaultConfigurationIsVisible = 0;
			defaultConfigurationName = Release;
		};
		9026023F27E05BAA00570BCE /* Build configuration list for PBXNativeTarget "UTube" */ = {
			isa = XCConfigurationList;
			buildConfigurations = (
				9026024027E05BAA00570BCE /* Debug */,
				9026024127E05BAA00570BCE /* Release */,
			);
			defaultConfigurationIsVisible = 0;
			defaultConfigurationName = Release;
		};
		9026024227E05BAA00570BCE /* Build configuration list for PBXNativeTarget "UTubeTests" */ = {
			isa = XCConfigurationList;
			buildConfigurations = (
				9026024327E05BAA00570BCE /* Debug */,
				9026024427E05BAA00570BCE /* Release */,
			);
			defaultConfigurationIsVisible = 0;
			defaultConfigurationName = Release;
		};
		9026024527E05BAA00570BCE /* Build configuration list for PBXNativeTarget "UTubeUITests" */ = {
			isa = XCConfigurationList;
			buildConfigurations = (
				9026024627E05BAA00570BCE /* Debug */,
				9026024727E05BAA00570BCE /* Release */,
			);
			defaultConfigurationIsVisible = 0;
			defaultConfigurationName = Release;
		};
/* End XCConfigurationList section */

/* Begin XCSwiftPackageProductDependency section */
		908C700927E1F65C003E4E6A /* ASCollectionView */ = {
			isa = XCSwiftPackageProductDependency;
			productName = ASCollectionView;
		};
/* End XCSwiftPackageProductDependency section */
	};
	rootObject = 9026021327E05BA700570BCE /* Project object */;
}
